
Microsoft Visual Studio Solution File, Format Version 12.00
# Visual Studio Version 17
VisualStudioVersion = 17.9.34616.47
MinimumVisualStudioVersion = 10.0.40219.1
Project("{FAE04EC0-301F-11D3-BF4B-00C04F79EFBC}") = "FapnaLiveCode", "FapnaLiveCode\FapnaLiveCode.csproj", "{35B1DF31-7508-46A4-863F-5F553C5D3A6B}"
EndProject
Project("{FAE04EC0-301F-11D3-BF4B-00C04F79EFBC}") = "TestProject", "TestProject\TestProject.csproj", "{551BD3FC-A62C-48FF-85B5-6B86B36CFCDB}"
EndProject
Global
	GlobalSection(SolutionConfigurationPlatforms) = preSolution
		Debug|Any CPU = Debug|Any CPU
		Release|Any CPU = Release|Any CPU
	EndGlobalSection
	GlobalSection(ProjectConfigurationPlatforms) = postSolution
		{35B1DF31-7508-46A4-863F-5F553C5D3A6B}.Debug|Any CPU.ActiveCfg = Debug|Any CPU
		{35B1DF31-7508-46A4-863F-5F553C5D3A6B}.Debug|Any CPU.Build.0 = Debug|Any CPU
		{35B1DF31-7508-46A4-863F-5F553C5D3A6B}.Release|Any CPU.ActiveCfg = Release|Any CPU
		{35B1DF31-7508-46A4-863F-5F553C5D3A6B}.Release|Any CPU.Build.0 = Release|Any CPU
		{551BD3FC-A62C-48FF-85B5-6B86B36CFCDB}.Debug|Any CPU.ActiveCfg = Debug|Any CPU
		{551BD3FC-A62C-48FF-85B5-6B86B36CFCDB}.Debug|Any CPU.Build.0 = Debug|Any CPU
		{551BD3FC-A62C-48FF-85B5-6B86B36CFCDB}.Release|Any CPU.ActiveCfg = Release|Any CPU
		{551BD3FC-A62C-48FF-85B5-6B86B36CFCDB}.Release|Any CPU.Build.0 = Release|Any CPU
	EndGlobalSection
	GlobalSection(SolutionProperties) = preSolution
		HideSolutionNode = FALSE
	EndGlobalSection
	GlobalSection(ExtensibilityGlobals) = postSolution
		SolutionGuid = {473F979C-A73E-42B7-BD45-FB772845FDBB}
	EndGlobalSection
EndGlobal
